github.com/fedorwk/templater v0.0.0-20220329203300-a8e18b01b7c6 h1:2HrDpTGG3p2cJGklWiWbGJntHma9DOa2j6k/xvzSGEI=
github.com/fedorwk/templater v0.0.0-20220329203300-a8e18b01b7c6/go.mod h1:uuAOG0AxjVPbGz3Fxqmv755h7cQzhidDNML7dJCvHJg=
github.com/pkg/errors v0.9.1 h1:FEBLx1zS214owpjy7qsBeixbURkuhQAwrK5UwLGTwt4=
github.com/pkg/errors v0.9.1/go.mod h1:bwawxfHBFNV+L2hUp1rHADufV3IMtnDRdf1r5NINEl0=
